
Microsoft Visual Studio Solution File, Format Version 12.00
# Visual Studio Version 17
VisualStudioVersion = 17.1.32210.238
MinimumVisualStudioVersion = 10.0.40219.1
Project("{54A90642-561A-4BB1-A94E-469ADEE60C69}") = "MapAYak", "MapAYak\MapAYak.esproj", "{D55E8FAB-6785-43B2-A693-B39E9D324C97}"
EndProject
Project("{FAE04EC0-301F-11D3-BF4B-00C04F79EFBC}") = "MapAYakApi", "MapAYakApi\MapAYakApi.csproj", "{C49A6BE8-78E3-4B98-B5BE-70F17D1C6D46}"
EndProject
Global
	GlobalSection(SolutionConfigurationPlatforms) = preSolution
		Debug|Any CPU = Debug|Any CPU
		Release|Any CPU = Release|Any CPU
	EndGlobalSection
	GlobalSection(ProjectConfigurationPlatforms) = postSolution
		{D55E8FAB-6785-43B2-A693-B39E9D324C97}.Debug|Any CPU.ActiveCfg = Debug|Any CPU
		{D55E8FAB-6785-43B2-A693-B39E9D324C97}.Debug|Any CPU.Build.0 = Debug|Any CPU
		{D55E8FAB-6785-43B2-A693-B39E9D324C97}.Debug|Any CPU.Deploy.0 = Debug|Any CPU
		{D55E8FAB-6785-43B2-A693-B39E9D324C97}.Release|Any CPU.ActiveCfg = Release|Any CPU
		{D55E8FAB-6785-43B2-A693-B39E9D324C97}.Release|Any CPU.Build.0 = Release|Any CPU
		{D55E8FAB-6785-43B2-A693-B39E9D324C97}.Release|Any CPU.Deploy.0 = Release|Any CPU
		{C49A6BE8-78E3-4B98-B5BE-70F17D1C6D46}.Debug|Any CPU.ActiveCfg = Debug|Any CPU
		{C49A6BE8-78E3-4B98-B5BE-70F17D1C6D46}.Debug|Any CPU.Build.0 = Debug|Any CPU
		{C49A6BE8-78E3-4B98-B5BE-70F17D1C6D46}.Release|Any CPU.ActiveCfg = Release|Any CPU
		{C49A6BE8-78E3-4B98-B5BE-70F17D1C6D46}.Release|Any CPU.Build.0 = Release|Any CPU
	EndGlobalSection
	GlobalSection(SolutionProperties) = preSolution
		HideSolutionNode = FALSE
	EndGlobalSection
	GlobalSection(ExtensibilityGlobals) = postSolution
		SolutionGuid = {889400B0-5A15-4028-B136-613169CCF209}
	EndGlobalSection
EndGlobal
